// !$*UTF8*$!
{
	archiveVersion = 1;
	classes = {
	};
	objectVersion = 46;
	objects = {

/* Begin PBXBuildFile section */
		06A7A811D02759F51534B611 /* libPods-GooglePlusSample.a in Frameworks */ = {isa = PBXBuildFile; fileRef = 3EA217C1BDD624010FF8B9C3 /* libPods-GooglePlusSample.a */; };
		58C6F5321DA66CB600309CB6 /* Main.storyboard in Resources */ = {isa = PBXBuildFile; fileRef = 58C6F5301DA66CB600309CB6 /* Main.storyboard */; };
		58C6F5341DA66CB600309CB6 /* Assets.xcassets in Resources */ = {isa = PBXBuildFile; fileRef = 58C6F5331DA66CB600309CB6 /* Assets.xcassets */; };
		58C6F5371DA66CB600309CB6 /* LaunchScreen.storyboard in Resources */ = {isa = PBXBuildFile; fileRef = 58C6F5351DA66CB600309CB6 /* LaunchScreen.storyboard */; };
		69CB83D3BFA6F1D169A0DACB /* main.cpp in Sources */ = {isa = PBXBuildFile; fileRef = E6D88713D9B2B6371C8BC47A /* main.cpp */; };
		C98FD2EB1E55B12F00BCE36C /* ShareViewController.xib in Resources */ = {isa = PBXBuildFile; fileRef = C98FD2EA1E55B12F00BCE36C /* ShareViewController.xib */; };
		C98FD2ED1E55B18700BCE36C /* DataPickerDictionary.plist in Resources */ = {isa = PBXBuildFile; fileRef = C98FD2EC1E55B18700BCE36C /* DataPickerDictionary.plist */; };
		C98FD2EF1E55B27600BCE36C /* SignInViewController.xib in Resources */ = {isa = PBXBuildFile; fileRef = C98FD2EE1E55B27600BCE36C /* SignInViewController.xib */; };
		C98FD2F11E55B30A00BCE36C /* PlaceholderAvatar.png in Resources */ = {isa = PBXBuildFile; fileRef = C98FD2F01E55B30A00BCE36C /* PlaceholderAvatar.png */; };
		C98FD2F41E55B50800BCE36C /* SignInViewController.m in Sources */ = {isa = PBXBuildFile; fileRef = C98FD2F21E55B50800BCE36C /* SignInViewController.m */; };
		C99789E51E548BA700BC5B47 /* MasterViewController.xib in Resources */ = {isa = PBXBuildFile; fileRef = C99789E41E548BA700BC5B47 /* MasterViewController.xib */; };
		D99EBB5C469EDEB6AB3AA38C /* moe-main-interfaces.m in Sources */ = {isa = PBXBuildFile; fileRef = 2EEEBCBC85A516C4A96F05D8 /* moe-main-interfaces.m */; };
		F000F860F3227559A9964021 /* main.cpp in Sources */ = {isa = PBXBuildFile; fileRef = 329EF38111B6C76CAF92066D /* main.cpp */; };
/* End PBXBuildFile section */

/* Begin PBXFileReference section */
		09E55A8879042A14F6742077 /* Pods-GooglePlusSample.debug.xcconfig */ = {isa = PBXFileReference; includeInIndex = 1; lastKnownFileType = text.xcconfig; name = "Pods-GooglePlusSample.debug.xcconfig"; path = "Pods/Target Support Files/Pods-GooglePlusSample/Pods-GooglePlusSample.debug.xcconfig"; sourceTree = "<group>"; };
		2EEEBCBC85A516C4A96F05D8 /* moe-main-interfaces.m */ = {isa = PBXFileReference; lastKnownFileType = sourcecode.c.objc; name = "moe-main-interfaces.m"; path = "../build/moe/main/ui-headers/moe-main-interfaces.m"; sourceTree = "<group>"; };
		329EF38111B6C76CAF92066D /* main.cpp */ = {isa = PBXFileReference; lastKnownFileType = sourcecode.cpp.cpp; path = main.cpp; sourceTree = "<group>"; };
		3EA217C1BDD624010FF8B9C3 /* libPods-GooglePlusSample.a */ = {isa = PBXFileReference; explicitFileType = archive.ar; includeInIndex = 0; path = "libPods-GooglePlusSample.a"; sourceTree = BUILT_PRODUCTS_DIR; };
		5863B87B1DA682C800E46B6A /* GooglePlusSample-Test.app */ = {isa = PBXFileReference; explicitFileType = wrapper.application; includeInIndex = 0; path = "GooglePlusSample-Test.app"; sourceTree = BUILT_PRODUCTS_DIR; };
		5863B88E1DA682C800E46B6A /* Info.plist */ = {isa = PBXFileReference; lastKnownFileType = text.plist.xml; path = Info.plist; sourceTree = "<group>"; };
		58C6F5241DA66CB600309CB6 /* GooglePlusSample.app */ = {isa = PBXFileReference; explicitFileType = wrapper.application; includeInIndex = 0; path = GooglePlusSample.app; sourceTree = BUILT_PRODUCTS_DIR; };
		58C6F5311DA66CB600309CB6 /* Base */ = {isa = PBXFileReference; lastKnownFileType = file.storyboard; name = Base; path = Base.lproj/Main.storyboard; sourceTree = "<group>"; };
		58C6F5331DA66CB600309CB6 /* Assets.xcassets */ = {isa = PBXFileReference; lastKnownFileType = folder.assetcatalog; path = Assets.xcassets; sourceTree = "<group>"; };
		58C6F5361DA66CB600309CB6 /* Base */ = {isa = PBXFileReference; lastKnownFileType = file.storyboard; name = Base; path = Base.lproj/LaunchScreen.storyboard; sourceTree = "<group>"; };
		58C6F5381DA66CB600309CB6 /* Info.plist */ = {isa = PBXFileReference; lastKnownFileType = text.plist.xml; path = Info.plist; sourceTree = "<group>"; };
		9D67438F52BB2EEFF7D673FA /* Pods-GooglePlusSample.release.xcconfig */ = {isa = PBXFileReference; includeInIndex = 1; lastKnownFileType = text.xcconfig; name = "Pods-GooglePlusSample.release.xcconfig"; path = "Pods/Target Support Files/Pods-GooglePlusSample/Pods-GooglePlusSample.release.xcconfig"; sourceTree = "<group>"; };
		C98FD2EA1E55B12F00BCE36C /* ShareViewController.xib */ = {isa = PBXFileReference; fileEncoding = 4; lastKnownFileType = file.xib; path = ShareViewController.xib; sourceTree = "<group>"; };
		C98FD2EC1E55B18700BCE36C /* DataPickerDictionary.plist */ = {isa = PBXFileReference; fileEncoding = 4; lastKnownFileType = text.plist.xml; path = DataPickerDictionary.plist; sourceTree = "<group>"; };
		C98FD2EE1E55B27600BCE36C /* SignInViewController.xib */ = {isa = PBXFileReference; fileEncoding = 4; lastKnownFileType = file.xib; path = SignInViewController.xib; sourceTree = "<group>"; };
		C98FD2F01E55B30A00BCE36C /* PlaceholderAvatar.png */ = {isa = PBXFileReference; lastKnownFileType = image.png; path = PlaceholderAvatar.png; sourceTree = "<group>"; };
		C98FD2F21E55B50800BCE36C /* SignInViewController.m */ = {isa = PBXFileReference; fileEncoding = 4; lastKnownFileType = sourcecode.c.objc; path = SignInViewController.m; sourceTree = "<group>"; };
		C98FD2F61E55B52300BCE36C /* SignInViewController.h */ = {isa = PBXFileReference; lastKnownFileType = sourcecode.c.h; path = SignInViewController.h; sourceTree = "<group>"; };
		C99789E41E548BA700BC5B47 /* MasterViewController.xib */ = {isa = PBXFileReference; fileEncoding = 4; lastKnownFileType = file.xib; path = MasterViewController.xib; sourceTree = "<group>"; };
		E6D88713D9B2B6371C8BC47A /* main.cpp */ = {isa = PBXFileReference; lastKnownFileType = sourcecode.cpp.cpp; path = main.cpp; sourceTree = "<group>"; };
/* End PBXFileReference section */

/* Begin PBXFrameworksBuildPhase section */
		5863B8781DA682C800E46B6A /* Frameworks */ = {
			isa = PBXFrameworksBuildPhase;
			buildActionMask = 2147483647;
			files = (
			);
			runOnlyForDeploymentPostprocessing = 0;
		};
		58C6F5211DA66CB600309CB6 /* Frameworks */ = {
			isa = PBXFrameworksBuildPhase;
			buildActionMask = 2147483647;
			files = (
				06A7A811D02759F51534B611 /* libPods-GooglePlusSample.a in Frameworks */,
			);
			runOnlyForDeploymentPostprocessing = 0;
		};
/* End PBXFrameworksBuildPhase section */

/* Begin PBXGroup section */
		0927DB1DE6E1ECC880A3D498 /* Frameworks */ = {
			isa = PBXGroup;
			children = (
				3EA217C1BDD624010FF8B9C3 /* libPods-GooglePlusSample.a */,
			);
			name = Frameworks;
			sourceTree = "<group>";
		};
		5863B87C1DA682C800E46B6A /* GooglePlusSample-Test */ = {
			isa = PBXGroup;
			children = (
				5863B88E1DA682C800E46B6A /* Info.plist */,
				5863B87D1DA682C800E46B6A /* Supporting Files */,
			);
			path = "GooglePlusSample-Test";
			sourceTree = "<group>";
		};
		5863B87D1DA682C800E46B6A /* Supporting Files */ = {
			isa = PBXGroup;
			children = (
				E6D88713D9B2B6371C8BC47A /* main.cpp */,
			);
			name = "Supporting Files";
			sourceTree = "<group>";
		};
		58C6F51B1DA66CB600309CB6 = {
			isa = PBXGroup;
			children = (
				58C6F5261DA66CB600309CB6 /* GooglePlusSample */,
				5863B87C1DA682C800E46B6A /* GooglePlusSample-Test */,
				58C6F5251DA66CB600309CB6 /* Products */,
				C3F461F5EA9AC5DF4A207F6B /* Pods */,
				0927DB1DE6E1ECC880A3D498 /* Frameworks */,
				F53BC62321361B64978A3A53 /* Multi-OS Engine */,
			);
			sourceTree = "<group>";
		};
		58C6F5251DA66CB600309CB6 /* Products */ = {
			isa = PBXGroup;
			children = (
				58C6F5241DA66CB600309CB6 /* GooglePlusSample.app */,
				5863B87B1DA682C800E46B6A /* GooglePlusSample-Test.app */,
			);
			name = Products;
			sourceTree = "<group>";
		};
		58C6F5261DA66CB600309CB6 /* GooglePlusSample */ = {
			isa = PBXGroup;
			children = (
				C98FD2F61E55B52300BCE36C /* SignInViewController.h */,
				C98FD2F21E55B50800BCE36C /* SignInViewController.m */,
				C98FD2F01E55B30A00BCE36C /* PlaceholderAvatar.png */,
				C98FD2EE1E55B27600BCE36C /* SignInViewController.xib */,
				C98FD2EC1E55B18700BCE36C /* DataPickerDictionary.plist */,
				C99789E41E548BA700BC5B47 /* MasterViewController.xib */,
				C98FD2EA1E55B12F00BCE36C /* ShareViewController.xib */,
				58C6F5301DA66CB600309CB6 /* Main.storyboard */,
				58C6F5331DA66CB600309CB6 /* Assets.xcassets */,
				58C6F5351DA66CB600309CB6 /* LaunchScreen.storyboard */,
				58C6F5381DA66CB600309CB6 /* Info.plist */,
				58C6F5271DA66CB600309CB6 /* Supporting Files */,
			);
			path = GooglePlusSample;
			sourceTree = "<group>";
		};
		58C6F5271DA66CB600309CB6 /* Supporting Files */ = {
			isa = PBXGroup;
			children = (
				329EF38111B6C76CAF92066D /* main.cpp */,
			);
			name = "Supporting Files";
			sourceTree = "<group>";
		};
		C3F461F5EA9AC5DF4A207F6B /* Pods */ = {
			isa = PBXGroup;
			children = (
				09E55A8879042A14F6742077 /* Pods-GooglePlusSample.debug.xcconfig */,
				9D67438F52BB2EEFF7D673FA /* Pods-GooglePlusSample.release.xcconfig */,
			);
			name = Pods;
			sourceTree = "<group>";
		};
		F53BC62321361B64978A3A53 /* Multi-OS Engine */ = {
			isa = PBXGroup;
			children = (
				2EEEBCBC85A516C4A96F05D8 /* moe-main-interfaces.m */,
			);
			name = "Multi-OS Engine";
			sourceTree = "<group>";
		};
/* End PBXGroup section */

/* Begin PBXNativeTarget section */
		5863B87A1DA682C800E46B6A /* GooglePlusSample-Test */ = {
			isa = PBXNativeTarget;
			buildConfigurationList = 5863B88F1DA682C800E46B6A /* Build configuration list for PBXNativeTarget "GooglePlusSample-Test" */;
			buildPhases = (
				40BE69BC9A98F53224C7B7B2 /* Compile Sources (MOE) */,
				5863B8771DA682C800E46B6A /* Sources */,
				5863B8781DA682C800E46B6A /* Frameworks */,
				5863B8791DA682C800E46B6A /* Resources */,
			);
			buildRules = (
			);
			dependencies = (
			);
			name = "GooglePlusSample-Test";
			productName = "GooglePlusSample-Test";
			productReference = 5863B87B1DA682C800E46B6A /* GooglePlusSample-Test.app */;
			productType = "com.apple.product-type.application";
		};
		58C6F5231DA66CB600309CB6 /* GooglePlusSample */ = {
			isa = PBXNativeTarget;
			buildConfigurationList = 58C6F53B1DA66CB600309CB6 /* Build configuration list for PBXNativeTarget "GooglePlusSample" */;
			buildPhases = (
				824ED3C16EDA42C7F7B6E840 /* [CP] Check Pods Manifest.lock */,
				F93CD2BBE42CABFDC0452EDB /* Compile Sources (MOE) */,
				58C6F5201DA66CB600309CB6 /* Sources */,
				58C6F5211DA66CB600309CB6 /* Frameworks */,
				58C6F5221DA66CB600309CB6 /* Resources */,
				A2195C46D28EFE0E992E236C /* [CP] Embed Pods Frameworks */,
				D72654D4304DF89AA6981FC9 /* [CP] Copy Pods Resources */,
			);
			buildRules = (
			);
			dependencies = (
			);
			name = GooglePlusSample;
			productName = GooglePlusSample;
			productReference = 58C6F5241DA66CB600309CB6 /* GooglePlusSample.app */;
			productType = "com.apple.product-type.application";
		};
/* End PBXNativeTarget section */

/* Begin PBXProject section */
		58C6F51C1DA66CB600309CB6 /* Project object */ = {
			isa = PBXProject;
			attributes = {
				LastUpgradeCheck = 0730;
				ORGANIZATIONNAME = "Migeran Ltd.";
				TargetAttributes = {
					5863B87A1DA682C800E46B6A = {
						CreatedOnToolsVersion = 7.3.1;
					};
					58C6F5231DA66CB600309CB6 = {
						CreatedOnToolsVersion = 7.3.1;
					};
				};
			};
			buildConfigurationList = 58C6F51F1DA66CB600309CB6 /* Build configuration list for PBXProject "GooglePlusSample" */;
			compatibilityVersion = "Xcode 3.2";
			developmentRegion = English;
			hasScannedForEncodings = 0;
			knownRegions = (
				en,
				Base,
			);
			mainGroup = 58C6F51B1DA66CB600309CB6;
			productRefGroup = 58C6F5251DA66CB600309CB6 /* Products */;
			projectDirPath = "";
			projectRoot = "";
			targets = (
				58C6F5231DA66CB600309CB6 /* GooglePlusSample */,
				5863B87A1DA682C800E46B6A /* GooglePlusSample-Test */,
			);
		};
/* End PBXProject section */

/* Begin PBXResourcesBuildPhase section */
		5863B8791DA682C800E46B6A /* Resources */ = {
			isa = PBXResourcesBuildPhase;
			buildActionMask = 2147483647;
			files = (
			);
			runOnlyForDeploymentPostprocessing = 0;
		};
		58C6F5221DA66CB600309CB6 /* Resources */ = {
			isa = PBXResourcesBuildPhase;
			buildActionMask = 2147483647;
			files = (
				C98FD2EB1E55B12F00BCE36C /* ShareViewController.xib in Resources */,
				C99789E51E548BA700BC5B47 /* MasterViewController.xib in Resources */,
				C98FD2F11E55B30A00BCE36C /* PlaceholderAvatar.png in Resources */,
				C98FD2ED1E55B18700BCE36C /* DataPickerDictionary.plist in Resources */,
				58C6F5371DA66CB600309CB6 /* LaunchScreen.storyboard in Resources */,
				C98FD2EF1E55B27600BCE36C /* SignInViewController.xib in Resources */,
				58C6F5341DA66CB600309CB6 /* Assets.xcassets in Resources */,
				58C6F5321DA66CB600309CB6 /* Main.storyboard in Resources */,
			);
			runOnlyForDeploymentPostprocessing = 0;
		};
/* End PBXResourcesBuildPhase section */

/* Begin PBXShellScriptBuildPhase section */
		40BE69BC9A98F53224C7B7B2 /* Compile Sources (MOE) */ = {
			isa = PBXShellScriptBuildPhase;
			buildActionMask = 2147483647;
			files = (
			);
			inputPaths = (
			);
			name = "Compile Sources (MOE)";
			outputPaths = (
			);
			runOnlyForDeploymentPostprocessing = 0;
			shellPath = /bin/bash;
			shellScript = "set -e\n\nexport MOE_BUILD_SOURCE_SET=\"test\"\n\n# Check project directory\nif [ ! -d \"$MOE_PROJECT_DIR\" ]; then\n    echo \"$0:$LINENO:1: error: 'MOE_PROJECT_DIR' doesn't point to a directory!\"; exit 1;\nfi\ncd \"$MOE_PROJECT_DIR\"\n\n# Export JAVA_HOME\nexport JAVA_HOME=$(/usr/libexec/java_home -v 1.8)\n\n# Utility function for finding the Gradle implementation\nfunction findGradle {\n    CD=\"$PWD\"\n    while [ \"$CD\" != \"\" ]; do\n        echo \"Looking for gradlew in $CD\"\n        if [ -x \"$CD/gradlew\" ]; then\n            GRADLE_EXEC=$CD/gradlew\n            return 0\n        fi\n        CD=\"${CD%/*}\"\n    done\n\n    echo \"Checking with 'which'\"\n    GRADLE_EXEC=$(which 'gradle')\n\n    if [ \"$GRADLE_EXEC\" = \"\" ]; then\n        echo \"Failed to locate 'gradle' executable!\"\n        exit 1\n    fi\n}\n\n# Build project with Gradle\nif [ -z \"$MOE_GRADLE_EXTERNAL_BUILD\" ]; then\n    findGradle\n    \"$GRADLE_EXEC\" --no-daemon moeXcodeInternal -s\nfi\n\n# Check output directory\nif [ ! -d \"${MOE_PROJECT_BUILD_DIR}\" ]; then\n    echo \"$0:$LINENO:1: error: 'MOE_PROJECT_BUILD_DIR' doesn't point to a directory!\"; exit 1;\nfi\n\n# Copy some resources\nmkdir -p \"${TARGET_BUILD_DIR}/${UNLOCALIZED_RESOURCES_FOLDER_PATH}\"\ncp \"${MOE_PROJECT_BUILD_DIR}/moe/${MOE_BUILD_SOURCE_SET}/application.jar\" \"${TARGET_BUILD_DIR}/${UNLOCALIZED_RESOURCES_FOLDER_PATH}/\"\ncp \"${MOE_PROJECT_BUILD_DIR}/moe/${MOE_BUILD_SOURCE_SET}/preregister.txt\" \"${TARGET_BUILD_DIR}/${UNLOCALIZED_RESOURCES_FOLDER_PATH}/\"\nif [ \"${MOE_BUILD_SOURCE_SET}\" == \"test\" ]; then\n    cp \"${MOE_PROJECT_BUILD_DIR}/moe/${MOE_BUILD_SOURCE_SET}/classlist.txt\" \"${TARGET_BUILD_DIR}/${UNLOCALIZED_RESOURCES_FOLDER_PATH}/\"\nfi\n\n# Copy android CA certificates on demand\nif [ \"${MOE_COPY_ANDROID_CACERTS}\" == \"YES\" ]; then\n    rm -rf \"${TARGET_BUILD_DIR}/${UNLOCALIZED_RESOURCES_FOLDER_PATH}/android_root/etc/security/cacerts\"\n    mkdir -p \"${TARGET_BUILD_DIR}/${UNLOCALIZED_RESOURCES_FOLDER_PATH}/android_root/etc/security/cacerts\"\n    unzip \"${MOE_SDK_PATH}/sdk/moe-core-certificates.zip\" -d \"${TARGET_BUILD_DIR}/${UNLOCALIZED_RESOURCES_FOLDER_PATH}/android_root/etc/security/cacerts\"\nfi\n\n# Copy and sign MOE framework\nrsync -av --filter \"- CVS/\" --filter \"- .svn/\" --filter \"- .git/\" --filter \"- .hg/\" --filter \"- Headers\" --filter \"- PrivateHeaders\" --filter \"- Modules\" \\\n    \"${MOE_FRAMEWORK_PATH}/MOE.framework\" \"${TARGET_BUILD_DIR}/${FRAMEWORKS_FOLDER_PATH}/\"\nif [ -n \"${EXPANDED_CODE_SIGN_IDENTITY}\" -a \"${CODE_SIGNING_REQUIRED}\" != \"NO\" -a \"${CODE_SIGNING_ALLOWED}\" != \"NO\" ]; then\n    /usr/bin/codesign --force --sign $EXPANDED_CODE_SIGN_IDENTITY $OTHER_CODE_SIGN_FLAGS \\\n        --preserve-metadata=identifier,entitlements \"${TARGET_BUILD_DIR}/${FRAMEWORKS_FOLDER_PATH}/MOE.framework\"\nfi\n";
		};
		824ED3C16EDA42C7F7B6E840 /* [CP] Check Pods Manifest.lock */ = {
			isa = PBXShellScriptBuildPhase;
			buildActionMask = 2147483647;
			files = (
			);
			inputPaths = (
			);
			name = "[CP] Check Pods Manifest.lock";
			outputPaths = (
			);
			runOnlyForDeploymentPostprocessing = 0;
			shellPath = /bin/sh;
			shellScript = "diff \"${PODS_ROOT}/../Podfile.lock\" \"${PODS_ROOT}/Manifest.lock\" > /dev/null\nif [ $? != 0 ] ; then\n    # print error to STDERR\n    echo \"error: The sandbox is not in sync with the Podfile.lock. Run 'pod install' or update your CocoaPods installation.\" >&2\n    exit 1\nfi\n";
			showEnvVarsInLog = 0;
		};
		A2195C46D28EFE0E992E236C /* [CP] Embed Pods Frameworks */ = {
			isa = PBXShellScriptBuildPhase;
			buildActionMask = 2147483647;
			files = (
			);
			inputPaths = (
			);
			name = "[CP] Embed Pods Frameworks";
			outputPaths = (
			);
			runOnlyForDeploymentPostprocessing = 0;
			shellPath = /bin/sh;
			shellScript = "\"${SRCROOT}/Pods/Target Support Files/Pods-GooglePlusSample/Pods-GooglePlusSample-frameworks.sh\"\n";
			showEnvVarsInLog = 0;
		};
		D72654D4304DF89AA6981FC9 /* [CP] Copy Pods Resources */ = {
			isa = PBXShellScriptBuildPhase;
			buildActionMask = 2147483647;
			files = (
			);
			inputPaths = (
			);
			name = "[CP] Copy Pods Resources";
			outputPaths = (
			);
			runOnlyForDeploymentPostprocessing = 0;
			shellPath = /bin/sh;
			shellScript = "\"${SRCROOT}/Pods/Target Support Files/Pods-GooglePlusSample/Pods-GooglePlusSample-resources.sh\"\n";
			showEnvVarsInLog = 0;
		};
		F93CD2BBE42CABFDC0452EDB /* Compile Sources (MOE) */ = {
			isa = PBXShellScriptBuildPhase;
			buildActionMask = 2147483647;
			files = (
			);
			inputPaths = (
			);
			name = "Compile Sources (MOE)";
			outputPaths = (
			);
			runOnlyForDeploymentPostprocessing = 0;
			shellPath = /bin/bash;
			shellScript = "set -e\n\nexport MOE_BUILD_SOURCE_SET=\"main\"\n\n# Check project directory\nif [ ! -d \"$MOE_PROJECT_DIR\" ]; then\n    echo \"$0:$LINENO:1: error: 'MOE_PROJECT_DIR' doesn't point to a directory!\"; exit 1;\nfi\ncd \"$MOE_PROJECT_DIR\"\n\n# Export JAVA_HOME\nexport JAVA_HOME=$(/usr/libexec/java_home -v 1.8)\n\n# Utility function for finding the Gradle implementation\nfunction findGradle {\n    CD=\"$PWD\"\n    while [ \"$CD\" != \"\" ]; do\n        echo \"Looking for gradlew in $CD\"\n        if [ -x \"$CD/gradlew\" ]; then\n            GRADLE_EXEC=$CD/gradlew\n            return 0\n        fi\n        CD=\"${CD%/*}\"\n    done\n\n    echo \"Checking with 'which'\"\n    GRADLE_EXEC=$(which 'gradle')\n\n    if [ \"$GRADLE_EXEC\" = \"\" ]; then\n        echo \"Failed to locate 'gradle' executable!\"\n        exit 1\n    fi\n}\n\n# Build project with Gradle\nif [ -z \"$MOE_GRADLE_EXTERNAL_BUILD\" ]; then\n    findGradle\n    \"$GRADLE_EXEC\" --no-daemon moeXcodeInternal -s\nfi\n\n# Check output directory\nif [ ! -d \"${MOE_PROJECT_BUILD_DIR}\" ]; then\n    echo \"$0:$LINENO:1: error: 'MOE_PROJECT_BUILD_DIR' doesn't point to a directory!\"; exit 1;\nfi\n\n# Copy some resources\nmkdir -p \"${TARGET_BUILD_DIR}/${UNLOCALIZED_RESOURCES_FOLDER_PATH}\"\ncp \"${MOE_PROJECT_BUILD_DIR}/moe/${MOE_BUILD_SOURCE_SET}/application.jar\" \"${TARGET_BUILD_DIR}/${UNLOCALIZED_RESOURCES_FOLDER_PATH}/\"\ncp \"${MOE_PROJECT_BUILD_DIR}/moe/${MOE_BUILD_SOURCE_SET}/preregister.txt\" \"${TARGET_BUILD_DIR}/${UNLOCALIZED_RESOURCES_FOLDER_PATH}/\"\nif [ \"${MOE_BUILD_SOURCE_SET}\" == \"test\" ]; then\n    cp \"${MOE_PROJECT_BUILD_DIR}/moe/${MOE_BUILD_SOURCE_SET}/classlist.txt\" \"${TARGET_BUILD_DIR}/${UNLOCALIZED_RESOURCES_FOLDER_PATH}/\"\nfi\n\n# Copy android CA certificates on demand\nif [ \"${MOE_COPY_ANDROID_CACERTS}\" == \"YES\" ]; then\n    rm -rf \"${TARGET_BUILD_DIR}/${UNLOCALIZED_RESOURCES_FOLDER_PATH}/android_root/etc/security/cacerts\"\n    mkdir -p \"${TARGET_BUILD_DIR}/${UNLOCALIZED_RESOURCES_FOLDER_PATH}/android_root/etc/security/cacerts\"\n    unzip \"${MOE_SDK_PATH}/sdk/moe-core-certificates.zip\" -d \"${TARGET_BUILD_DIR}/${UNLOCALIZED_RESOURCES_FOLDER_PATH}/android_root/etc/security/cacerts\"\nfi\n\n# Copy and sign MOE framework\nrsync -av --filter \"- CVS/\" --filter \"- .svn/\" --filter \"- .git/\" --filter \"- .hg/\" --filter \"- Headers\" --filter \"- PrivateHeaders\" --filter \"- Modules\" \\\n    \"${MOE_FRAMEWORK_PATH}/MOE.framework\" \"${TARGET_BUILD_DIR}/${FRAMEWORKS_FOLDER_PATH}/\"\nif [ -n \"${EXPANDED_CODE_SIGN_IDENTITY}\" -a \"${CODE_SIGNING_REQUIRED}\" != \"NO\" -a \"${CODE_SIGNING_ALLOWED}\" != \"NO\" ]; then\n    /usr/bin/codesign --force --sign $EXPANDED_CODE_SIGN_IDENTITY $OTHER_CODE_SIGN_FLAGS \\\n        --preserve-metadata=identifier,entitlements \"${TARGET_BUILD_DIR}/${FRAMEWORKS_FOLDER_PATH}/MOE.framework\"\nfi\n";
		};
/* End PBXShellScriptBuildPhase section */

/* Begin PBXSourcesBuildPhase section */
		5863B8771DA682C800E46B6A /* Sources */ = {
			isa = PBXSourcesBuildPhase;
			buildActionMask = 2147483647;
			files = (
				69CB83D3BFA6F1D169A0DACB /* main.cpp in Sources */,
			);
			runOnlyForDeploymentPostprocessing = 0;
		};
		58C6F5201DA66CB600309CB6 /* Sources */ = {
			isa = PBXSourcesBuildPhase;
			buildActionMask = 2147483647;
			files = (
				F000F860F3227559A9964021 /* main.cpp in Sources */,
				C98FD2F41E55B50800BCE36C /* SignInViewController.m in Sources */,
				D99EBB5C469EDEB6AB3AA38C /* moe-main-interfaces.m in Sources */,
			);
			runOnlyForDeploymentPostprocessing = 0;
		};
/* End PBXSourcesBuildPhase section */

/* Begin PBXVariantGroup section */
		58C6F5301DA66CB600309CB6 /* Main.storyboard */ = {
			isa = PBXVariantGroup;
			children = (
				58C6F5311DA66CB600309CB6 /* Base */,
			);
			name = Main.storyboard;
			sourceTree = "<group>";
		};
		58C6F5351DA66CB600309CB6 /* LaunchScreen.storyboard */ = {
			isa = PBXVariantGroup;
			children = (
				58C6F5361DA66CB600309CB6 /* Base */,
			);
			name = LaunchScreen.storyboard;
			sourceTree = "<group>";
		};
/* End PBXVariantGroup section */

/* Begin XCBuildConfiguration section */
		5863B8901DA682C800E46B6A /* Debug */ = {
			isa = XCBuildConfiguration;
			buildSettings = {
				ASSETCATALOG_COMPILER_APPICON_NAME = AppIcon;
				DEAD_CODE_STRIPPING = NO;
				ENABLE_BITCODE = NO;
				FRAMEWORK_SEARCH_PATHS = (
					"$(inherited)",
					"${MOE_FRAMEWORK_PATH}",
				);
				INFOPLIST_FILE = "GooglePlusSample-Test/Info.plist";
				LD_RUNPATH_SEARCH_PATHS = "$(inherited) @executable_path/Frameworks";
				MOE_COPY_ANDROID_CACERTS = NO;
				MOE_FRAMEWORK_PATH = "${MOE_SDK_PATH}/sdk/${PLATFORM_NAME}";
				MOE_OTHER_LDFLAGS = "${MOE_SECT_OAT} ${MOE_SECT_ART} ${MOE_SEGPROT} ${MOE_PAGEZERO} ${MOE_CUSTOM_OTHER_LDFLAGS} -lstdc++ -framework MOE";
				"MOE_PAGEZERO[sdk=iphoneos*]" = "";
				"MOE_PAGEZERO[sdk=iphonesimulator*]" = "-pagezero_size 4096";
				MOE_PROJECT_BUILD_DIR = "${MOE_PROJECT_DIR}/build";
				MOE_PROJECT_DIR = "${SRCROOT}/../";
				MOE_SDK_PATH = "${MOE_PROJECT_BUILD_DIR}/moe/sdk";
				MOE_SECT_ART = "-sectcreate __ARTDATA __artdata \"${MOE_PROJECT_BUILD_DIR}/moe/test/xcode/${CONFIGURATION}${EFFECTIVE_PLATFORM_NAME}/${arch}.art\"";
				MOE_SECT_OAT = "-sectcreate __OATDATA __oatdata \"${MOE_PROJECT_BUILD_DIR}/moe/test/xcode/${CONFIGURATION}${EFFECTIVE_PLATFORM_NAME}/${arch}.oat\"";
				"MOE_SEGPROT[sdk=iphoneos*]" = "-segprot __OATDATA rx rx -segprot __ARTDATA rw rw";
				"MOE_SEGPROT[sdk=iphonesimulator*]" = "-segprot __OATDATA rwx rx -segprot __ARTDATA rwx rw";
				ONLY_ACTIVE_ARCH = YES;
				OTHER_LDFLAGS = (
					"$(inherited)",
					"${MOE_OTHER_LDFLAGS}",
				);
				PRODUCT_BUNDLE_IDENTIFIER = "org.moe.GooglePlusSample-Test";
				PRODUCT_NAME = "$(TARGET_NAME)";
				STRIP_STYLE = "non-global";
			};
			name = Debug;
		};
		5863B8911DA682C800E46B6A /* Release */ = {
			isa = XCBuildConfiguration;
			buildSettings = {
				ASSETCATALOG_COMPILER_APPICON_NAME = AppIcon;
				DEAD_CODE_STRIPPING = NO;
				ENABLE_BITCODE = NO;
				FRAMEWORK_SEARCH_PATHS = (
					"$(inherited)",
					"${MOE_FRAMEWORK_PATH}",
				);
				INFOPLIST_FILE = "GooglePlusSample-Test/Info.plist";
				LD_RUNPATH_SEARCH_PATHS = "$(inherited) @executable_path/Frameworks";
				MOE_COPY_ANDROID_CACERTS = NO;
				MOE_FRAMEWORK_PATH = "${MOE_SDK_PATH}/sdk/${PLATFORM_NAME}";
				MOE_OTHER_LDFLAGS = "${MOE_SECT_OAT} ${MOE_SECT_ART} ${MOE_SEGPROT} ${MOE_PAGEZERO} ${MOE_CUSTOM_OTHER_LDFLAGS} -lstdc++ -framework MOE";
				"MOE_PAGEZERO[sdk=iphoneos*]" = "";
				"MOE_PAGEZERO[sdk=iphonesimulator*]" = "-pagezero_size 4096";
				MOE_PROJECT_BUILD_DIR = "${MOE_PROJECT_DIR}/build";
				MOE_PROJECT_DIR = "${SRCROOT}/../";
				MOE_SDK_PATH = "${MOE_PROJECT_BUILD_DIR}/moe/sdk";
				MOE_SECT_ART = "-sectcreate __ARTDATA __artdata \"${MOE_PROJECT_BUILD_DIR}/moe/test/xcode/${CONFIGURATION}${EFFECTIVE_PLATFORM_NAME}/${arch}.art\"";
				MOE_SECT_OAT = "-sectcreate __OATDATA __oatdata \"${MOE_PROJECT_BUILD_DIR}/moe/test/xcode/${CONFIGURATION}${EFFECTIVE_PLATFORM_NAME}/${arch}.oat\"";
				"MOE_SEGPROT[sdk=iphoneos*]" = "-segprot __OATDATA rx rx -segprot __ARTDATA rw rw";
				"MOE_SEGPROT[sdk=iphonesimulator*]" = "-segprot __OATDATA rwx rx -segprot __ARTDATA rwx rw";
				ONLY_ACTIVE_ARCH = NO;
				OTHER_LDFLAGS = (
					"$(inherited)",
					"${MOE_OTHER_LDFLAGS}",
				);
				PRODUCT_BUNDLE_IDENTIFIER = "org.moe.GooglePlusSample-Test";
				PRODUCT_NAME = "$(TARGET_NAME)";
				STRIP_STYLE = "non-global";
			};
			name = Release;
		};
		58C6F5391DA66CB600309CB6 /* Debug */ = {
			isa = XCBuildConfiguration;
			buildSettings = {
				ALWAYS_SEARCH_USER_PATHS = NO;
				CLANG_ANALYZER_NONNULL = YES;
				CLANG_CXX_LANGUAGE_STANDARD = "gnu++0x";
				CLANG_CXX_LIBRARY = "libc++";
				CLANG_ENABLE_MODULES = YES;
				CLANG_ENABLE_OBJC_ARC = YES;
				CLANG_WARN_BOOL_CONVERSION = YES;
				CLANG_WARN_CONSTANT_CONVERSION = YES;
				CLANG_WARN_DIRECT_OBJC_ISA_USAGE = YES_ERROR;
				CLANG_WARN_EMPTY_BODY = YES;
				CLANG_WARN_ENUM_CONVERSION = YES;
				CLANG_WARN_INT_CONVERSION = YES;
				CLANG_WARN_OBJC_ROOT_CLASS = YES_ERROR;
				CLANG_WARN_UNREACHABLE_CODE = YES;
				CLANG_WARN__DUPLICATE_METHOD_MATCH = YES;
				"CODE_SIGN_IDENTITY[sdk=iphoneos*]" = "iPhone Developer";
				COPY_PHASE_STRIP = NO;
				DEBUG_INFORMATION_FORMAT = dwarf;
				ENABLE_STRICT_OBJC_MSGSEND = YES;
				ENABLE_TESTABILITY = YES;
				GCC_C_LANGUAGE_STANDARD = gnu99;
				GCC_DYNAMIC_NO_PIC = NO;
				GCC_NO_COMMON_BLOCKS = YES;
				GCC_OPTIMIZATION_LEVEL = 0;
				GCC_PREPROCESSOR_DEFINITIONS = (
					"DEBUG=1",
					"$(inherited)",
				);
				GCC_WARN_64_TO_32_BIT_CONVERSION = YES;
				GCC_WARN_ABOUT_RETURN_TYPE = YES_ERROR;
				GCC_WARN_UNDECLARED_SELECTOR = YES;
				GCC_WARN_UNINITIALIZED_AUTOS = YES_AGGRESSIVE;
				GCC_WARN_UNUSED_FUNCTION = YES;
				GCC_WARN_UNUSED_VARIABLE = YES;
				IPHONEOS_DEPLOYMENT_TARGET = 9.3;
				MTL_ENABLE_DEBUG_INFO = YES;
				ONLY_ACTIVE_ARCH = YES;
				SDKROOT = iphoneos;
				TARGETED_DEVICE_FAMILY = "1,2";
			};
			name = Debug;
		};
		58C6F53A1DA66CB600309CB6 /* Release */ = {
			isa = XCBuildConfiguration;
			buildSettings = {
				ALWAYS_SEARCH_USER_PATHS = NO;
				CLANG_ANALYZER_NONNULL = YES;
				CLANG_CXX_LANGUAGE_STANDARD = "gnu++0x";
				CLANG_CXX_LIBRARY = "libc++";
				CLANG_ENABLE_MODULES = YES;
				CLANG_ENABLE_OBJC_ARC = YES;
				CLANG_WARN_BOOL_CONVERSION = YES;
				CLANG_WARN_CONSTANT_CONVERSION = YES;
				CLANG_WARN_DIRECT_OBJC_ISA_USAGE = YES_ERROR;
				CLANG_WARN_EMPTY_BODY = YES;
				CLANG_WARN_ENUM_CONVERSION = YES;
				CLANG_WARN_INT_CONVERSION = YES;
				CLANG_WARN_OBJC_ROOT_CLASS = YES_ERROR;
				CLANG_WARN_UNREACHABLE_CODE = YES;
				CLANG_WARN__DUPLICATE_METHOD_MATCH = YES;
				"CODE_SIGN_IDENTITY[sdk=iphoneos*]" = "iPhone Developer";
				COPY_PHASE_STRIP = NO;
				DEBUG_INFORMATION_FORMAT = "dwarf-with-dsym";
				ENABLE_NS_ASSERTIONS = NO;
				ENABLE_STRICT_OBJC_MSGSEND = YES;
				GCC_C_LANGUAGE_STANDARD = gnu99;
				GCC_NO_COMMON_BLOCKS = YES;
				GCC_WARN_64_TO_32_BIT_CONVERSION = YES;
				GCC_WARN_ABOUT_RETURN_TYPE = YES_ERROR;
				GCC_WARN_UNDECLARED_SELECTOR = YES;
				GCC_WARN_UNINITIALIZED_AUTOS = YES_AGGRESSIVE;
				GCC_WARN_UNUSED_FUNCTION = YES;
				GCC_WARN_UNUSED_VARIABLE = YES;
				IPHONEOS_DEPLOYMENT_TARGET = 9.3;
				MTL_ENABLE_DEBUG_INFO = NO;
				SDKROOT = iphoneos;
				TARGETED_DEVICE_FAMILY = "1,2";
				VALIDATE_PRODUCT = YES;
			};
			name = Release;
		};
		58C6F53C1DA66CB600309CB6 /* Debug */ = {
			isa = XCBuildConfiguration;
			baseConfigurationReference = 09E55A8879042A14F6742077 /* Pods-GooglePlusSample.debug.xcconfig */;
			buildSettings = {
				ASSETCATALOG_COMPILER_APPICON_NAME = AppIcon;
				DEAD_CODE_STRIPPING = NO;
				ENABLE_BITCODE = NO;
				FRAMEWORK_SEARCH_PATHS = (
					"$(inherited)",
					"${MOE_FRAMEWORK_PATH}",
				);
				INFOPLIST_FILE = GooglePlusSample/Info.plist;
				LD_RUNPATH_SEARCH_PATHS = "$(inherited) @executable_path/Frameworks";
				MOE_COPY_ANDROID_CACERTS = NO;
				MOE_FRAMEWORK_PATH = "${MOE_SDK_PATH}/sdk/${PLATFORM_NAME}";
				MOE_OTHER_LDFLAGS = "${MOE_SECT_OAT} ${MOE_SECT_ART} ${MOE_SEGPROT} ${MOE_PAGEZERO} ${MOE_CUSTOM_OTHER_LDFLAGS} -lstdc++ -framework MOE";
				"MOE_PAGEZERO[sdk=iphoneos*]" = "";
				"MOE_PAGEZERO[sdk=iphonesimulator*]" = "-pagezero_size 4096";
				MOE_PROJECT_BUILD_DIR = "${MOE_PROJECT_DIR}/build";
				MOE_PROJECT_DIR = "${SRCROOT}/../";
				MOE_SDK_PATH = "${MOE_PROJECT_BUILD_DIR}/moe/sdk";
				MOE_SECT_ART = "-sectcreate __ARTDATA __artdata \"${MOE_PROJECT_BUILD_DIR}/moe/main/xcode/${CONFIGURATION}${EFFECTIVE_PLATFORM_NAME}/${arch}.art\"";
				MOE_SECT_OAT = "-sectcreate __OATDATA __oatdata \"${MOE_PROJECT_BUILD_DIR}/moe/main/xcode/${CONFIGURATION}${EFFECTIVE_PLATFORM_NAME}/${arch}.oat\"";
				"MOE_SEGPROT[sdk=iphoneos*]" = "-segprot __OATDATA rx rx -segprot __ARTDATA rw rw";
				"MOE_SEGPROT[sdk=iphonesimulator*]" = "-segprot __OATDATA rwx rx -segprot __ARTDATA rwx rw";
				ONLY_ACTIVE_ARCH = YES;
				OTHER_LDFLAGS = (
					"$(inherited)",
					"${MOE_OTHER_LDFLAGS}",
				);
				PRODUCT_BUNDLE_IDENTIFIER = com.google.GooglePlusPlatformSample;
				PRODUCT_NAME = "$(TARGET_NAME)";
				STRIP_STYLE = "non-global";
			};
			name = Debug;
		};
		58C6F53D1DA66CB600309CB6 /* Release */ = {
			isa = XCBuildConfiguration;
			baseConfigurationReference = 9D67438F52BB2EEFF7D673FA /* Pods-GooglePlusSample.release.xcconfig */;
			buildSettings = {
				ASSETCATALOG_COMPILER_APPICON_NAME = AppIcon;
				DEAD_CODE_STRIPPING = NO;
				ENABLE_BITCODE = NO;
				FRAMEWORK_SEARCH_PATHS = (
					"$(inherited)",
					"${MOE_FRAMEWORK_PATH}",
				);
				INFOPLIST_FILE = GooglePlusSample/Info.plist;
				LD_RUNPATH_SEARCH_PATHS = "$(inherited) @executable_path/Frameworks";
				MOE_COPY_ANDROID_CACERTS = NO;
				MOE_FRAMEWORK_PATH = "${MOE_SDK_PATH}/sdk/${PLATFORM_NAME}";
				MOE_OTHER_LDFLAGS = "${MOE_SECT_OAT} ${MOE_SECT_ART} ${MOE_SEGPROT} ${MOE_PAGEZERO} ${MOE_CUSTOM_OTHER_LDFLAGS} -lstdc++ -framework MOE";
				"MOE_PAGEZERO[sdk=iphoneos*]" = "";
				"MOE_PAGEZERO[sdk=iphonesimulator*]" = "-pagezero_size 4096";
				MOE_PROJECT_BUILD_DIR = "${MOE_PROJECT_DIR}/build";
				MOE_PROJECT_DIR = "${SRCROOT}/../";
				MOE_SDK_PATH = "${MOE_PROJECT_BUILD_DIR}/moe/sdk";
				MOE_SECT_ART = "-sectcreate __ARTDATA __artdata \"${MOE_PROJECT_BUILD_DIR}/moe/main/xcode/${CONFIGURATION}${EFFECTIVE_PLATFORM_NAME}/${arch}.art\"";
				MOE_SECT_OAT = "-sectcreate __OATDATA __oatdata \"${MOE_PROJECT_BUILD_DIR}/moe/main/xcode/${CONFIGURATION}${EFFECTIVE_PLATFORM_NAME}/${arch}.oat\"";
				"MOE_SEGPROT[sdk=iphoneos*]" = "-segprot __OATDATA rx rx -segprot __ARTDATA rw rw";
				"MOE_SEGPROT[sdk=iphonesimulator*]" = "-segprot __OATDATA rwx rx -segprot __ARTDATA rwx rw";
				ONLY_ACTIVE_ARCH = NO;
				OTHER_LDFLAGS = (
					"$(inherited)",
					"${MOE_OTHER_LDFLAGS}",
				);
				PRODUCT_BUNDLE_IDENTIFIER = com.google.GooglePlusPlatformSample;
				PRODUCT_NAME = "$(TARGET_NAME)";
				STRIP_STYLE = "non-global";
			};
			name = Release;
		};
/* End XCBuildConfiguration section */

/* Begin XCConfigurationList section */
		5863B88F1DA682C800E46B6A /* Build configuration list for PBXNativeTarget "GooglePlusSample-Test" */ = {
			isa = XCConfigurationList;
			buildConfigurations = (
				5863B8901DA682C800E46B6A /* Debug */,
				5863B8911DA682C800E46B6A /* Release */,
			);
			defaultConfigurationIsVisible = 0;
			defaultConfigurationName = Release;
		};
		58C6F51F1DA66CB600309CB6 /* Build configuration list for PBXProject "GooglePlusSample" */ = {
			isa = XCConfigurationList;
			buildConfigurations = (
				58C6F5391DA66CB600309CB6 /* Debug */,
				58C6F53A1DA66CB600309CB6 /* Release */,
			);
			defaultConfigurationIsVisible = 0;
			defaultConfigurationName = Release;
		};
		58C6F53B1DA66CB600309CB6 /* Build configuration list for PBXNativeTarget "GooglePlusSample" */ = {
			isa = XCConfigurationList;
			buildConfigurations = (
				58C6F53C1DA66CB600309CB6 /* Debug */,
				58C6F53D1DA66CB600309CB6 /* Release */,
			);
			defaultConfigurationIsVisible = 0;
			defaultConfigurationName = Release;
		};
/* End XCConfigurationList section */
	};
	rootObject = 58C6F51C1DA66CB600309CB6 /* Project object */;
}
